
Microsoft Visual Studio Solution File, Format Version 12.00
# Visual Studio Version 17
VisualStudioVersion = 17.8.34525.116
MinimumVisualStudioVersion = 10.0.40219.1
Project("{FAE04EC0-301F-11D3-BF4B-00C04F79EFBC}") = "SweepingBarrage", "SweepingBarrage\SweepingBarrage.csproj", "{E5A8B1E1-B02A-432C-B8A9-670C39C45614}"
EndProject
Project("{2150E333-8FDC-42A3-9474-1A3956D46DE8}") = "EntityState", "EntityState", "{1474EB22-8D80-488A-B7ED-F872D2C2D4FF}"
	ProjectSection(SolutionItems) = preProject
		SweepingBarrage\FireSweepingBarrageState.cs = SweepingBarrage\FireSweepingBarrageState.cs
	EndProjectSection
EndProject
Project("{2150E333-8FDC-42A3-9474-1A3956D46DE8}") = "Solution Items", "Solution Items", "{D05E1AFA-3882-49A2-B985-E8B9C51DCDCD}"
	ProjectSection(SolutionItems) = preProject
		SweepingBarrage\Publicized.cs = SweepingBarrage\Publicized.cs
	EndProjectSection
EndProject
Global
	GlobalSection(SolutionConfigurationPlatforms) = preSolution
		Debug|Any CPU = Debug|Any CPU
		Release|Any CPU = Release|Any CPU
	EndGlobalSection
	GlobalSection(ProjectConfigurationPlatforms) = postSolution
		{E5A8B1E1-B02A-432C-B8A9-670C39C45614}.Debug|Any CPU.ActiveCfg = Debug|Any CPU
		{E5A8B1E1-B02A-432C-B8A9-670C39C45614}.Debug|Any CPU.Build.0 = Debug|Any CPU
		{E5A8B1E1-B02A-432C-B8A9-670C39C45614}.Release|Any CPU.ActiveCfg = Release|Any CPU
		{E5A8B1E1-B02A-432C-B8A9-670C39C45614}.Release|Any CPU.Build.0 = Release|Any CPU
	EndGlobalSection
	GlobalSection(SolutionProperties) = preSolution
		HideSolutionNode = FALSE
	EndGlobalSection
	GlobalSection(ExtensibilityGlobals) = postSolution
		SolutionGuid = {8D34B659-8A82-4159-A024-255F45F39C8D}
	EndGlobalSection
EndGlobal
